
Microsoft Visual Studio Solution File, Format Version 12.00
# Visual Studio Version 16
VisualStudioVersion = 16.0.31205.134
MinimumVisualStudioVersion = 10.0.40219.1
Project("{8BC9CEB8-8B4A-11D0-8D11-00A0C91BC942}") = "DivideAndConquer", "DivideAndConquer\DivideAndConquer\DivideAndConquer.vcxproj", "{D6417C89-868D-40B6-B50B-E0F91DA726DB}"
EndProject
Project("{8BC9CEB8-8B4A-11D0-8D11-00A0C91BC942}") = "Sort", "Sort\Sort\Sort.vcxproj", "{5CE35C73-B8A1-4B55-96A3-2F21E592BA72}"
EndProject
Global
	GlobalSection(SolutionConfigurationPlatforms) = preSolution
		Debug|x64 = Debug|x64
		Debug|x86 = Debug|x86
		Release|x64 = Release|x64
		Release|x86 = Release|x86
	EndGlobalSection
	GlobalSection(ProjectConfigurationPlatforms) = postSolution
		{D6417C89-868D-40B6-B50B-E0F91DA726DB}.Debug|x64.ActiveCfg = Debug|x64
		{D6417C89-868D-40B6-B50B-E0F91DA726DB}.Debug|x64.Build.0 = Debug|x64
		{D6417C89-868D-40B6-B50B-E0F91DA726DB}.Debug|x86.ActiveCfg = Debug|Win32
		{D6417C89-868D-40B6-B50B-E0F91DA726DB}.Debug|x86.Build.0 = Debug|Win32
		{D6417C89-868D-40B6-B50B-E0F91DA726DB}.Release|x64.ActiveCfg = Release|x64
		{D6417C89-868D-40B6-B50B-E0F91DA726DB}.Release|x64.Build.0 = Release|x64
		{D6417C89-868D-40B6-B50B-E0F91DA726DB}.Release|x86.ActiveCfg = Release|Win32
		{D6417C89-868D-40B6-B50B-E0F91DA726DB}.Release|x86.Build.0 = Release|Win32
		{5CE35C73-B8A1-4B55-96A3-2F21E592BA72}.Debug|x64.ActiveCfg = Debug|x64
		{5CE35C73-B8A1-4B55-96A3-2F21E592BA72}.Debug|x64.Build.0 = Debug|x64
		{5CE35C73-B8A1-4B55-96A3-2F21E592BA72}.Debug|x86.ActiveCfg = Debug|Win32
		{5CE35C73-B8A1-4B55-96A3-2F21E592BA72}.Debug|x86.Build.0 = Debug|Win32
		{5CE35C73-B8A1-4B55-96A3-2F21E592BA72}.Release|x64.ActiveCfg = Release|x64
		{5CE35C73-B8A1-4B55-96A3-2F21E592BA72}.Release|x64.Build.0 = Release|x64
		{5CE35C73-B8A1-4B55-96A3-2F21E592BA72}.Release|x86.ActiveCfg = Release|Win32
		{5CE35C73-B8A1-4B55-96A3-2F21E592BA72}.Release|x86.Build.0 = Release|Win32
	EndGlobalSection
	GlobalSection(SolutionProperties) = preSolution
		HideSolutionNode = FALSE
	EndGlobalSection
	GlobalSection(ExtensibilityGlobals) = postSolution
		SolutionGuid = {5DA9995F-7242-4736-B93F-67CE7CC2407A}
	EndGlobalSection
EndGlobal
